
Microsoft Visual Studio Solution File, Format Version 12.00
# Visual Studio Version 17
VisualStudioVersion = 17.0.32126.317
MinimumVisualStudioVersion = 10.0.40219.1
Project("{FAE04EC0-301F-11D3-BF4B-00C04F79EFBC}") = "ConsoleApp1", "ConsoleApp1\ConsoleApp1.csproj", "{0D26B569-ADE2-44A3-8288-45EA2CE0C8DA}"
EndProject
Global
	GlobalSection(SolutionConfigurationPlatforms) = preSolution
		Debug|Any CPU = Debug|Any CPU
		Release|Any CPU = Release|Any CPU
	EndGlobalSection
	GlobalSection(ProjectConfigurationPlatforms) = postSolution
		{0D26B569-ADE2-44A3-8288-45EA2CE0C8DA}.Debug|Any CPU.ActiveCfg = Debug|Any CPU
		{0D26B569-ADE2-44A3-8288-45EA2CE0C8DA}.Debug|Any CPU.Build.0 = Debug|Any CPU
		{0D26B569-ADE2-44A3-8288-45EA2CE0C8DA}.Release|Any CPU.ActiveCfg = Release|Any CPU
		{0D26B569-ADE2-44A3-8288-45EA2CE0C8DA}.Release|Any CPU.Build.0 = Release|Any CPU
	EndGlobalSection
	GlobalSection(SolutionProperties) = preSolution
		HideSolutionNode = FALSE
	EndGlobalSection
	GlobalSection(ExtensibilityGlobals) = postSolution
		SolutionGuid = {0B14CF14-861F-44CF-97F6-A76FE6CDC255}
	EndGlobalSection
EndGlobal
